// !$*UTF8*$!
{
	archiveVersion = 1;
	classes = {
	};
	objectVersion = 50;
	objects = {

/* Begin PBXBuildFile section */
		DBEDE04A251412330051093F /* SetGoApp.swift in Sources */ = {isa = PBXBuildFile; fileRef = DBEDE037251412300051093F /* SetGoApp.swift */; };
		DBEDE04B251412330051093F /* SetGoApp.swift in Sources */ = {isa = PBXBuildFile; fileRef = DBEDE037251412300051093F /* SetGoApp.swift */; };
		DBEDE04C251412330051093F /* SetGameView.swift in Sources */ = {isa = PBXBuildFile; fileRef = DBEDE038251412300051093F /* SetGameView.swift */; };
		DBEDE04D251412330051093F /* SetGameView.swift in Sources */ = {isa = PBXBuildFile; fileRef = DBEDE038251412300051093F /* SetGameView.swift */; };
		DBEDE04E251412330051093F /* Assets.xcassets in Resources */ = {isa = PBXBuildFile; fileRef = DBEDE039251412330051093F /* Assets.xcassets */; };
		DBEDE04F251412330051093F /* Assets.xcassets in Resources */ = {isa = PBXBuildFile; fileRef = DBEDE039251412330051093F /* Assets.xcassets */; };
		DBEDE05C251412790051093F /* SetGame.swift in Sources */ = {isa = PBXBuildFile; fileRef = DBEDE05B251412790051093F /* SetGame.swift */; };
		DBEDE05E251412940051093F /* SetGameVM.swift in Sources */ = {isa = PBXBuildFile; fileRef = DBEDE05D251412940051093F /* SetGameVM.swift */; };
/* End PBXBuildFile section */

/* Begin PBXFileReference section */
		DBEDE037251412300051093F /* SetGoApp.swift */ = {isa = PBXFileReference; lastKnownFileType = sourcecode.swift; path = SetGoApp.swift; sourceTree = "<group>"; };
		DBEDE038251412300051093F /* SetGameView.swift */ = {isa = PBXFileReference; lastKnownFileType = sourcecode.swift; path = SetGameView.swift; sourceTree = "<group>"; };
		DBEDE039251412330051093F /* Assets.xcassets */ = {isa = PBXFileReference; lastKnownFileType = folder.assetcatalog; path = Assets.xcassets; sourceTree = "<group>"; };
		DBEDE03E251412330051093F /* SetGo.app */ = {isa = PBXFileReference; explicitFileType = wrapper.application; includeInIndex = 0; path = SetGo.app; sourceTree = BUILT_PRODUCTS_DIR; };
		DBEDE041251412330051093F /* Info.plist */ = {isa = PBXFileReference; lastKnownFileType = text.plist.xml; path = Info.plist; sourceTree = "<group>"; };
		DBEDE046251412330051093F /* SetGo.app */ = {isa = PBXFileReference; explicitFileType = wrapper.application; includeInIndex = 0; path = SetGo.app; sourceTree = BUILT_PRODUCTS_DIR; };
		DBEDE048251412330051093F /* Info.plist */ = {isa = PBXFileReference; lastKnownFileType = text.plist.xml; path = Info.plist; sourceTree = "<group>"; };
		DBEDE049251412330051093F /* macOS.entitlements */ = {isa = PBXFileReference; lastKnownFileType = text.plist.entitlements; path = macOS.entitlements; sourceTree = "<group>"; };
		DBEDE05B251412790051093F /* SetGame.swift */ = {isa = PBXFileReference; lastKnownFileType = sourcecode.swift; path = SetGame.swift; sourceTree = "<group>"; };
		DBEDE05D251412940051093F /* SetGameVM.swift */ = {isa = PBXFileReference; lastKnownFileType = sourcecode.swift; path = SetGameVM.swift; sourceTree = "<group>"; };
/* End PBXFileReference section */

/* Begin PBXFrameworksBuildPhase section */
		DBEDE03B251412330051093F /* Frameworks */ = {
			isa = PBXFrameworksBuildPhase;
			buildActionMask = 2147483647;
			files = (
			);
			runOnlyForDeploymentPostprocessing = 0;
		};
		DBEDE043251412330051093F /* Frameworks */ = {
			isa = PBXFrameworksBuildPhase;
			buildActionMask = 2147483647;
			files = (
			);
			runOnlyForDeploymentPostprocessing = 0;
		};
/* End PBXFrameworksBuildPhase section */

/* Begin PBXGroup section */
		DBEDE031251412300051093F = {
			isa = PBXGroup;
			children = (
				DBEDE036251412300051093F /* Shared */,
				DBEDE040251412330051093F /* iOS */,
				DBEDE047251412330051093F /* macOS */,
				DBEDE03F251412330051093F /* Products */,
			);
			sourceTree = "<group>";
		};
		DBEDE036251412300051093F /* Shared */ = {
			isa = PBXGroup;
			children = (
				DBEDE05A251412650051093F /* View */,
				DBEDE0592514125D0051093F /* ViewModel */,
				DBEDE058251412500051093F /* Model */,
				DBEDE037251412300051093F /* SetGoApp.swift */,
				DBEDE039251412330051093F /* Assets.xcassets */,
			);
			path = Shared;
			sourceTree = "<group>";
		};
		DBEDE03F251412330051093F /* Products */ = {
			isa = PBXGroup;
			children = (
				DBEDE03E251412330051093F /* SetGo.app */,
				DBEDE046251412330051093F /* SetGo.app */,
			);
			name = Products;
			sourceTree = "<group>";
		};
		DBEDE040251412330051093F /* iOS */ = {
			isa = PBXGroup;
			children = (
				DBEDE041251412330051093F /* Info.plist */,
			);
			path = iOS;
			sourceTree = "<group>";
		};
		DBEDE047251412330051093F /* macOS */ = {
			isa = PBXGroup;
			children = (
				DBEDE048251412330051093F /* Info.plist */,
				DBEDE049251412330051093F /* macOS.entitlements */,
			);
			path = macOS;
			sourceTree = "<group>";
		};
		DBEDE058251412500051093F /* Model */ = {
			isa = PBXGroup;
			children = (
				DBEDE05B251412790051093F /* SetGame.swift */,
			);
			name = Model;
			sourceTree = "<group>";
		};
		DBEDE0592514125D0051093F /* ViewModel */ = {
			isa = PBXGroup;
			children = (
				DBEDE05D251412940051093F /* SetGameVM.swift */,
			);
			name = ViewModel;
			sourceTree = "<group>";
		};
		DBEDE05A251412650051093F /* View */ = {
			isa = PBXGroup;
			children = (
				DBEDE038251412300051093F /* SetGameView.swift */,
			);
			name = View;
			sourceTree = "<group>";
		};
/* End PBXGroup section */

/* Begin PBXNativeTarget section */
		DBEDE03D251412330051093F /* SetGo (iOS) */ = {
			isa = PBXNativeTarget;
			buildConfigurationList = DBEDE052251412330051093F /* Build configuration list for PBXNativeTarget "SetGo (iOS)" */;
			buildPhases = (
				DBEDE03A251412330051093F /* Sources */,
				DBEDE03B251412330051093F /* Frameworks */,
				DBEDE03C251412330051093F /* Resources */,
			);
			buildRules = (
			);
			dependencies = (
			);
			name = "SetGo (iOS)";
			productName = "SetGo (iOS)";
			productReference = DBEDE03E251412330051093F /* SetGo.app */;
			productType = "com.apple.product-type.application";
		};
		DBEDE045251412330051093F /* SetGo (macOS) */ = {
			isa = PBXNativeTarget;
			buildConfigurationList = DBEDE055251412330051093F /* Build configuration list for PBXNativeTarget "SetGo (macOS)" */;
			buildPhases = (
				DBEDE042251412330051093F /* Sources */,
				DBEDE043251412330051093F /* Frameworks */,
				DBEDE044251412330051093F /* Resources */,
			);
			buildRules = (
			);
			dependencies = (
			);
			name = "SetGo (macOS)";
			productName = "SetGo (macOS)";
			productReference = DBEDE046251412330051093F /* SetGo.app */;
			productType = "com.apple.product-type.application";
		};
/* End PBXNativeTarget section */

/* Begin PBXProject section */
		DBEDE032251412300051093F /* Project object */ = {
			isa = PBXProject;
			attributes = {
				LastSwiftUpdateCheck = 1200;
				LastUpgradeCheck = 1200;
				TargetAttributes = {
					DBEDE03D251412330051093F = {
						CreatedOnToolsVersion = 12.0;
					};
					DBEDE045251412330051093F = {
						CreatedOnToolsVersion = 12.0;
					};
				};
			};
			buildConfigurationList = DBEDE035251412300051093F /* Build configuration list for PBXProject "SetGo" */;
			compatibilityVersion = "Xcode 9.3";
			developmentRegion = en;
			hasScannedForEncodings = 0;
			knownRegions = (
				en,
				Base,
			);
			mainGroup = DBEDE031251412300051093F;
			productRefGroup = DBEDE03F251412330051093F /* Products */;
			projectDirPath = "";
			projectRoot = "";
			targets = (
				DBEDE03D251412330051093F /* SetGo (iOS) */,
				DBEDE045251412330051093F /* SetGo (macOS) */,
			);
		};
/* End PBXProject section */

/* Begin PBXResourcesBuildPhase section */
		DBEDE03C251412330051093F /* Resources */ = {
			isa = PBXResourcesBuildPhase;
			buildActionMask = 2147483647;
			files = (
				DBEDE04E251412330051093F /* Assets.xcassets in Resources */,
			);
			runOnlyForDeploymentPostprocessing = 0;
		};
		DBEDE044251412330051093F /* Resources */ = {
			isa = PBXResourcesBuildPhase;
			buildActionMask = 2147483647;
			files = (
				DBEDE04F251412330051093F /* Assets.xcassets in Resources */,
			);
			runOnlyForDeploymentPostprocessing = 0;
		};
/* End PBXResourcesBuildPhase section */

/* Begin PBXSourcesBuildPhase section */
		DBEDE03A251412330051093F /* Sources */ = {
			isa = PBXSourcesBuildPhase;
			buildActionMask = 2147483647;
			files = (
				DBEDE04C251412330051093F /* SetGameView.swift in Sources */,
				DBEDE05C251412790051093F /* SetGame.swift in Sources */,
				DBEDE04A251412330051093F /* SetGoApp.swift in Sources */,
				DBEDE05E251412940051093F /* SetGameVM.swift in Sources */,
			);
			runOnlyForDeploymentPostprocessing = 0;
		};
		DBEDE042251412330051093F /* Sources */ = {
			isa = PBXSourcesBuildPhase;
			buildActionMask = 2147483647;
			files = (
				DBEDE04D251412330051093F /* SetGameView.swift in Sources */,
				DBEDE04B251412330051093F /* SetGoApp.swift in Sources */,
			);
			runOnlyForDeploymentPostprocessing = 0;
		};
/* End PBXSourcesBuildPhase section */

/* Begin XCBuildConfiguration section */
		DBEDE050251412330051093F /* Debug */ = {
			isa = XCBuildConfiguration;
			buildSettings = {
				ALWAYS_SEARCH_USER_PATHS = NO;
				CLANG_ANALYZER_NONNULL = YES;
				CLANG_ANALYZER_NUMBER_OBJECT_CONVERSION = YES_AGGRESSIVE;
				CLANG_CXX_LANGUAGE_STANDARD = "gnu++14";
				CLANG_CXX_LIBRARY = "libc++";
				CLANG_ENABLE_MODULES = YES;
				CLANG_ENABLE_OBJC_ARC = YES;
				CLANG_ENABLE_OBJC_WEAK = YES;
				CLANG_WARN_BLOCK_CAPTURE_AUTORELEASING = YES;
				CLANG_WARN_BOOL_CONVERSION = YES;
				CLANG_WARN_COMMA = YES;
				CLANG_WARN_CONSTANT_CONVERSION = YES;
				CLANG_WARN_DEPRECATED_OBJC_IMPLEMENTATIONS = YES;
				CLANG_WARN_DIRECT_OBJC_ISA_USAGE = YES_ERROR;
				CLANG_WARN_DOCUMENTATION_COMMENTS = YES;
				CLANG_WARN_EMPTY_BODY = YES;
				CLANG_WARN_ENUM_CONVERSION = YES;
				CLANG_WARN_INFINITE_RECURSION = YES;
				CLANG_WARN_INT_CONVERSION = YES;
				CLANG_WARN_NON_LITERAL_NULL_CONVERSION = YES;
				CLANG_WARN_OBJC_IMPLICIT_RETAIN_SELF = YES;
				CLANG_WARN_OBJC_LITERAL_CONVERSION = YES;
				CLANG_WARN_OBJC_ROOT_CLASS = YES_ERROR;
				CLANG_WARN_QUOTED_INCLUDE_IN_FRAMEWORK_HEADER = YES;
				CLANG_WARN_RANGE_LOOP_ANALYSIS = YES;
				CLANG_WARN_STRICT_PROTOTYPES = YES;
				CLANG_WARN_SUSPICIOUS_MOVE = YES;
				CLANG_WARN_UNGUARDED_AVAILABILITY = YES_AGGRESSIVE;
				CLANG_WARN_UNREACHABLE_CODE = YES;
				CLANG_WARN__DUPLICATE_METHOD_MATCH = YES;
				COPY_PHASE_STRIP = NO;
				DEBUG_INFORMATION_FORMAT = dwarf;
				ENABLE_STRICT_OBJC_MSGSEND = YES;
				ENABLE_TESTABILITY = YES;
				GCC_C_LANGUAGE_STANDARD = gnu11;
				GCC_DYNAMIC_NO_PIC = NO;
				GCC_NO_COMMON_BLOCKS = YES;
				GCC_OPTIMIZATION_LEVEL = 0;
				GCC_PREPROCESSOR_DEFINITIONS = (
					"DEBUG=1",
					"$(inherited)",
				);
				GCC_WARN_64_TO_32_BIT_CONVERSION = YES;
				GCC_WARN_ABOUT_RETURN_TYPE = YES_ERROR;
				GCC_WARN_UNDECLARED_SELECTOR = YES;
				GCC_WARN_UNINITIALIZED_AUTOS = YES_AGGRESSIVE;
				GCC_WARN_UNUSED_FUNCTION = YES;
				GCC_WARN_UNUSED_VARIABLE = YES;
				MTL_ENABLE_DEBUG_INFO = INCLUDE_SOURCE;
				MTL_FAST_MATH = YES;
				ONLY_ACTIVE_ARCH = YES;
				SWIFT_ACTIVE_COMPILATION_CONDITIONS = DEBUG;
				SWIFT_OPTIMIZATION_LEVEL = "-Onone";
			};
			name = Debug;
		};
		DBEDE051251412330051093F /* Release */ = {
			isa = XCBuildConfiguration;
			buildSettings = {
				ALWAYS_SEARCH_USER_PATHS = NO;
				CLANG_ANALYZER_NONNULL = YES;
				CLANG_ANALYZER_NUMBER_OBJECT_CONVERSION = YES_AGGRESSIVE;
				CLANG_CXX_LANGUAGE_STANDARD = "gnu++14";
				CLANG_CXX_LIBRARY = "libc++";
				CLANG_ENABLE_MODULES = YES;
				CLANG_ENABLE_OBJC_ARC = YES;
				CLANG_ENABLE_OBJC_WEAK = YES;
				CLANG_WARN_BLOCK_CAPTURE_AUTORELEASING = YES;
				CLANG_WARN_BOOL_CONVERSION = YES;
				CLANG_WARN_COMMA = YES;
				CLANG_WARN_CONSTANT_CONVERSION = YES;
				CLANG_WARN_DEPRECATED_OBJC_IMPLEMENTATIONS = YES;
				CLANG_WARN_DIRECT_OBJC_ISA_USAGE = YES_ERROR;
				CLANG_WARN_DOCUMENTATION_COMMENTS = YES;
				CLANG_WARN_EMPTY_BODY = YES;
				CLANG_WARN_ENUM_CONVERSION = YES;
				CLANG_WARN_INFINITE_RECURSION = YES;
				CLANG_WARN_INT_CONVERSION = YES;
				CLANG_WARN_NON_LITERAL_NULL_CONVERSION = YES;
				CLANG_WARN_OBJC_IMPLICIT_RETAIN_SELF = YES;
				CLANG_WARN_OBJC_LITERAL_CONVERSION = YES;
				CLANG_WARN_OBJC_ROOT_CLASS = YES_ERROR;
				CLANG_WARN_QUOTED_INCLUDE_IN_FRAMEWORK_HEADER = YES;
				CLANG_WARN_RANGE_LOOP_ANALYSIS = YES;
				CLANG_WARN_STRICT_PROTOTYPES = YES;
				CLANG_WARN_SUSPICIOUS_MOVE = YES;
				CLANG_WARN_UNGUARDED_AVAILABILITY = YES_AGGRESSIVE;
				CLANG_WARN_UNREACHABLE_CODE = YES;
				CLANG_WARN__DUPLICATE_METHOD_MATCH = YES;
				COPY_PHASE_STRIP = NO;
				DEBUG_INFORMATION_FORMAT = "dwarf-with-dsym";
				ENABLE_NS_ASSERTIONS = NO;
				ENABLE_STRICT_OBJC_MSGSEND = YES;
				GCC_C_LANGUAGE_STANDARD = gnu11;
				GCC_NO_COMMON_BLOCKS = YES;
				GCC_WARN_64_TO_32_BIT_CONVERSION = YES;
				GCC_WARN_ABOUT_RETURN_TYPE = YES_ERROR;
				GCC_WARN_UNDECLARED_SELECTOR = YES;
				GCC_WARN_UNINITIALIZED_AUTOS = YES_AGGRESSIVE;
				GCC_WARN_UNUSED_FUNCTION = YES;
				GCC_WARN_UNUSED_VARIABLE = YES;
				MTL_ENABLE_DEBUG_INFO = NO;
				MTL_FAST_MATH = YES;
				SWIFT_COMPILATION_MODE = wholemodule;
				SWIFT_OPTIMIZATION_LEVEL = "-O";
			};
			name = Release;
		};
		DBEDE053251412330051093F /* Debug */ = {
			isa = XCBuildConfiguration;
			buildSettings = {
				ASSETCATALOG_COMPILER_APPICON_NAME = AppIcon;
				ASSETCATALOG_COMPILER_GLOBAL_ACCENT_COLOR_NAME = AccentColor;
				CODE_SIGN_STYLE = Automatic;
				DEVELOPMENT_TEAM = 95L2W6WJ38;
				ENABLE_PREVIEWS = YES;
				INFOPLIST_FILE = iOS/Info.plist;
				IPHONEOS_DEPLOYMENT_TARGET = 14.0;
				LD_RUNPATH_SEARCH_PATHS = (
					"$(inherited)",
					"@executable_path/Frameworks",
				);
				PRODUCT_BUNDLE_IDENTIFIER = edu.byu.SetGo;
				PRODUCT_NAME = SetGo;
				SDKROOT = iphoneos;
				SWIFT_VERSION = 5.0;
				TARGETED_DEVICE_FAMILY = "1,2";
			};
			name = Debug;
		};
		DBEDE054251412330051093F /* Release */ = {
			isa = XCBuildConfiguration;
			buildSettings = {
				ASSETCATALOG_COMPILER_APPICON_NAME = AppIcon;
				ASSETCATALOG_COMPILER_GLOBAL_ACCENT_COLOR_NAME = AccentColor;
				CODE_SIGN_STYLE = Automatic;
				DEVELOPMENT_TEAM = 95L2W6WJ38;
				ENABLE_PREVIEWS = YES;
				INFOPLIST_FILE = iOS/Info.plist;
				IPHONEOS_DEPLOYMENT_TARGET = 14.0;
				LD_RUNPATH_SEARCH_PATHS = (
					"$(inherited)",
					"@executable_path/Frameworks",
				);
				PRODUCT_BUNDLE_IDENTIFIER = edu.byu.SetGo;
				PRODUCT_NAME = SetGo;
				SDKROOT = iphoneos;
				SWIFT_VERSION = 5.0;
				TARGETED_DEVICE_FAMILY = "1,2";
				VALIDATE_PRODUCT = YES;
			};
			name = Release;
		};
		DBEDE056251412330051093F /* Debug */ = {
			isa = XCBuildConfiguration;
			buildSettings = {
				ASSETCATALOG_COMPILER_APPICON_NAME = AppIcon;
				ASSETCATALOG_COMPILER_GLOBAL_ACCENT_COLOR_NAME = AccentColor;
				CODE_SIGN_ENTITLEMENTS = macOS/macOS.entitlements;
				CODE_SIGN_STYLE = Automatic;
				COMBINE_HIDPI_IMAGES = YES;
				DEVELOPMENT_TEAM = 95L2W6WJ38;
				ENABLE_HARDENED_RUNTIME = YES;
				ENABLE_PREVIEWS = YES;
				INFOPLIST_FILE = macOS/Info.plist;
				LD_RUNPATH_SEARCH_PATHS = (
					"$(inherited)",
					"@executable_path/../Frameworks",
				);
				MACOSX_DEPLOYMENT_TARGET = 11.0;
				PRODUCT_BUNDLE_IDENTIFIER = edu.byu.SetGo;
				PRODUCT_NAME = SetGo;
				SDKROOT = macosx;
				SWIFT_VERSION = 5.0;
			};
			name = Debug;
		};
		DBEDE057251412330051093F /* Release */ = {
			isa = XCBuildConfiguration;
			buildSettings = {
				ASSETCATALOG_COMPILER_APPICON_NAME = AppIcon;
				ASSETCATALOG_COMPILER_GLOBAL_ACCENT_COLOR_NAME = AccentColor;
				CODE_SIGN_ENTITLEMENTS = macOS/macOS.entitlements;
				CODE_SIGN_STYLE = Automatic;
				COMBINE_HIDPI_IMAGES = YES;
				DEVELOPMENT_TEAM = 95L2W6WJ38;
				ENABLE_HARDENED_RUNTIME = YES;
				ENABLE_PREVIEWS = YES;
				INFOPLIST_FILE = macOS/Info.plist;
				LD_RUNPATH_SEARCH_PATHS = (
					"$(inherited)",
					"@executable_path/../Frameworks",
				);
				MACOSX_DEPLOYMENT_TARGET = 11.0;
				PRODUCT_BUNDLE_IDENTIFIER = edu.byu.SetGo;
				PRODUCT_NAME = SetGo;
				SDKROOT = macosx;
				SWIFT_VERSION = 5.0;
			};
			name = Release;
		};
/* End XCBuildConfiguration section */

/* Begin XCConfigurationList section */
		DBEDE035251412300051093F /* Build configuration list for PBXProject "SetGo" */ = {
			isa = XCConfigurationList;
			buildConfigurations = (
				DBEDE050251412330051093F /* Debug */,
				DBEDE051251412330051093F /* Release */,
			);
			defaultConfigurationIsVisible = 0;
			defaultConfigurationName = Release;
		};
		DBEDE052251412330051093F /* Build configuration list for PBXNativeTarget "SetGo (iOS)" */ = {
			isa = XCConfigurationList;
			buildConfigurations = (
				DBEDE053251412330051093F /* Debug */,
				DBEDE054251412330051093F /* Release */,
			);
			defaultConfigurationIsVisible = 0;
			defaultConfigurationName = Release;
		};
		DBEDE055251412330051093F /* Build configuration list for PBXNativeTarget "SetGo (macOS)" */ = {
			isa = XCConfigurationList;
			buildConfigurations = (
				DBEDE056251412330051093F /* Debug */,
				DBEDE057251412330051093F /* Release */,
			);
			defaultConfigurationIsVisible = 0;
			defaultConfigurationName = Release;
		};
/* End XCConfigurationList section */
	};
	rootObject = DBEDE032251412300051093F /* Project object */;
}
